
Microsoft Visual Studio Solution File, Format Version 12.00
# Visual Studio 2012
Project("{FAE04EC0-301F-11D3-BF4B-00C04F79EFBC}") = "Juliette.Core", "Juliette.Core\Juliette.Core.csproj", "{5B10C173-245B-4011-BC16-5F443E3E004C}"
EndProject
Project("{FAE04EC0-301F-11D3-BF4B-00C04F79EFBC}") = "Juliette.Examples.MortgageCalculator", "Juliette.Examples.MortgageCalculator\Juliette.Examples.MortgageCalculator.csproj", "{796F329D-321B-4F2B-AC0A-EE04F7639000}"
EndProject
Project("{2150E333-8FDC-42A3-9474-1A3956D46DE8}") = "Juliette.Examples.MortgageCalculator.Fixtures", "Juliette.Examples.MortgageCalculator.Fixtures", "{CAFCCD5C-C589-4B0A-9657-7C56E8E885A7}"
	ProjectSection(SolutionItems) = preProject
		Juliette.Examples.MortgageCalculator.Fixtures\LowestInterest.xml = Juliette.Examples.MortgageCalculator.Fixtures\LowestInterest.xml
	EndProjectSection
EndProject
Project("{FAE04EC0-301F-11D3-BF4B-00C04F79EFBC}") = "Juliette.Examples.MortgageCalculator.Tests", "Juliette.Examples.MortgageCalculator.Tests\Juliette.Examples.MortgageCalculator.Tests.csproj", "{E9665449-EC38-4A14-81A2-7949A2CAA73A}"
EndProject
Project("{2150E333-8FDC-42A3-9474-1A3956D46DE8}") = ".nuget", ".nuget", "{5A755C28-162D-433E-8833-D3EB9713A271}"
EndProject
Global
	GlobalSection(SolutionConfigurationPlatforms) = preSolution
		Debug|Any CPU = Debug|Any CPU
		Release|Any CPU = Release|Any CPU
	EndGlobalSection
	GlobalSection(ProjectConfigurationPlatforms) = postSolution
		{5B10C173-245B-4011-BC16-5F443E3E004C}.Debug|Any CPU.ActiveCfg = Debug|Any CPU
		{5B10C173-245B-4011-BC16-5F443E3E004C}.Debug|Any CPU.Build.0 = Debug|Any CPU
		{5B10C173-245B-4011-BC16-5F443E3E004C}.Release|Any CPU.ActiveCfg = Release|Any CPU
		{5B10C173-245B-4011-BC16-5F443E3E004C}.Release|Any CPU.Build.0 = Release|Any CPU
		{796F329D-321B-4F2B-AC0A-EE04F7639000}.Debug|Any CPU.ActiveCfg = Debug|Any CPU
		{796F329D-321B-4F2B-AC0A-EE04F7639000}.Debug|Any CPU.Build.0 = Debug|Any CPU
		{796F329D-321B-4F2B-AC0A-EE04F7639000}.Release|Any CPU.ActiveCfg = Release|Any CPU
		{796F329D-321B-4F2B-AC0A-EE04F7639000}.Release|Any CPU.Build.0 = Release|Any CPU
		{E9665449-EC38-4A14-81A2-7949A2CAA73A}.Debug|Any CPU.ActiveCfg = Debug|Any CPU
		{E9665449-EC38-4A14-81A2-7949A2CAA73A}.Debug|Any CPU.Build.0 = Debug|Any CPU
		{E9665449-EC38-4A14-81A2-7949A2CAA73A}.Release|Any CPU.ActiveCfg = Release|Any CPU
		{E9665449-EC38-4A14-81A2-7949A2CAA73A}.Release|Any CPU.Build.0 = Release|Any CPU
	EndGlobalSection
	GlobalSection(SolutionProperties) = preSolution
		HideSolutionNode = FALSE
	EndGlobalSection
EndGlobal
